
Microsoft Visual Studio Solution File, Format Version 12.00
# Visual Studio Version 17
VisualStudioVersion = 17.11.35222.181
MinimumVisualStudioVersion = 10.0.40219.1
Project("{FAE04EC0-301F-11D3-BF4B-00C04F79EFBC}") = "laboratorio4", "laboratorio4.csproj", "{C7F050B1-65E3-410A-BA9A-98B0A6ABE185}"
EndProject
Global
	GlobalSection(SolutionConfigurationPlatforms) = preSolution
		Debug|Any CPU = Debug|Any CPU
		Release|Any CPU = Release|Any CPU
	EndGlobalSection
	GlobalSection(ProjectConfigurationPlatforms) = postSolution
		{C7F050B1-65E3-410A-BA9A-98B0A6ABE185}.Debug|Any CPU.ActiveCfg = Debug|Any CPU
		{C7F050B1-65E3-410A-BA9A-98B0A6ABE185}.Debug|Any CPU.Build.0 = Debug|Any CPU
		{C7F050B1-65E3-410A-BA9A-98B0A6ABE185}.Release|Any CPU.ActiveCfg = Release|Any CPU
		{C7F050B1-65E3-410A-BA9A-98B0A6ABE185}.Release|Any CPU.Build.0 = Release|Any CPU
	EndGlobalSection
	GlobalSection(SolutionProperties) = preSolution
		HideSolutionNode = FALSE
	EndGlobalSection
	GlobalSection(ExtensibilityGlobals) = postSolution
		SolutionGuid = {EAC59316-BA17-49A1-8AAF-9DB956520550}
	EndGlobalSection
EndGlobal
